<Solution>
  <Project Path="07.CommandExercise/_07.CommandExercise.csproj" Id="5dc05b94-3a5a-4ea3-b428-bfff12f5d243" />
  <Project Path="08.UsingCommandParameter/_08.UsingCommandParameter.csproj" Id="bf7335e9-c1fc-4bed-8d0b-c888c5637145" />
  <Project Path="09.CommandExample/_09.CommandExample.csproj" Id="fa048d52-7b76-467e-815b-9f5f915ed67b" />
  <Project Path="20260803 01/_00.20260803 01.csproj" />
  <Project Path="AttachedEvent/_01.AttachedEvent.csproj" />
  <Project Path="CustomRoutedEvent/_02.CustomRoutedEvent.csproj" />
  <Project Path="PasswordBinding/_03.PasswordBinding.csproj" />
  <Project Path="RoutedEvent/_04.RoutedEvent.csproj" />
  <Project Path="RoutedEvent2/_05.RoutedEvent 自定义事件.csproj" />
  <Project Path="StudentNameChanged/_06.StudentNameChanged.csproj" />
  <Project Path="_10.CommandExample2/_10.CommandExample2.csproj" Id="f8d44cf0-0890-4497-bd71-ea956a9656e0" />
  <Project Path="_11.Resource/_11.Resource.csproj" Id="02b735a1-2a14-4bde-816c-52951fe8e8aa" />
</Solution>
